
Microsoft Visual Studio Solution File, Format Version 12.00
# Visual Studio Version 17
VisualStudioVersion = 17.1.32228.430
MinimumVisualStudioVersion = 10.0.40219.1
Project("{FAE04EC0-301F-11D3-BF4B-00C04F79EFBC}") = "mod6_tugas_kelompok_sem4", "mod6_tugas kelompok sem4\mod6_tugas_kelompok_sem4.csproj", "{8647A758-3DBC-42B7-B828-6F9F85F2CD0D}"
EndProject
Global
	GlobalSection(SolutionConfigurationPlatforms) = preSolution
		Debug|Any CPU = Debug|Any CPU
		Release|Any CPU = Release|Any CPU
	EndGlobalSection
	GlobalSection(ProjectConfigurationPlatforms) = postSolution
		{8647A758-3DBC-42B7-B828-6F9F85F2CD0D}.Debug|Any CPU.ActiveCfg = Debug|Any CPU
		{8647A758-3DBC-42B7-B828-6F9F85F2CD0D}.Debug|Any CPU.Build.0 = Debug|Any CPU
		{8647A758-3DBC-42B7-B828-6F9F85F2CD0D}.Release|Any CPU.ActiveCfg = Release|Any CPU
		{8647A758-3DBC-42B7-B828-6F9F85F2CD0D}.Release|Any CPU.Build.0 = Release|Any CPU
	EndGlobalSection
	GlobalSection(SolutionProperties) = preSolution
		HideSolutionNode = FALSE
	EndGlobalSection
	GlobalSection(ExtensibilityGlobals) = postSolution
		SolutionGuid = {23C3C93E-F334-4AD5-B516-F79E7FF835DD}
	EndGlobalSection
EndGlobal
